
Microsoft Visual Studio Solution File, Format Version 12.00
# Visual Studio 2012
Project("{f2a71f9b-5d33-465a-a702-920d77279786}") = "ClassBuilder", "ClassBuilder\ClassBuilder.fsproj", "{9BCF6E84-4B65-45B8-9787-9A90B76D2257}"
EndProject
Project("{f2a71f9b-5d33-465a-a702-920d77279786}") = "ClassBuilder.NUnit", "ClassBuilder.NUnit\ClassBuilder.NUnit.fsproj", "{E2782E87-0D07-4712-8F81-34DD157455E2}"
EndProject
Project("{f2a71f9b-5d33-465a-a702-920d77279786}") = "ClassBuilder.NUnit.Common", "ClassBuilder.NUnit.Common\ClassBuilder.NUnit.Common.fsproj", "{3BD968AB-2879-4335-9FEB-D46741C88FA3}"
EndProject
Project("{2150E333-8FDC-42A3-9474-1A3956D46DE8}") = "Solution Files", "Solution Files", "{A723DDBB-687A-47CE-BE58-33B42549E76D}"
	ProjectSection(SolutionItems) = preProject
		appveyor.yml = appveyor.yml
		.travis.yml = .travis.yml
	EndProjectSection
EndProject
Global
	GlobalSection(SolutionConfigurationPlatforms) = preSolution
		Debug|Any CPU = Debug|Any CPU
		Release|Any CPU = Release|Any CPU
	EndGlobalSection
	GlobalSection(ProjectConfigurationPlatforms) = postSolution
		{9BCF6E84-4B65-45B8-9787-9A90B76D2257}.Debug|Any CPU.ActiveCfg = Debug|Any CPU
		{9BCF6E84-4B65-45B8-9787-9A90B76D2257}.Debug|Any CPU.Build.0 = Debug|Any CPU
		{9BCF6E84-4B65-45B8-9787-9A90B76D2257}.Release|Any CPU.ActiveCfg = Release|Any CPU
		{9BCF6E84-4B65-45B8-9787-9A90B76D2257}.Release|Any CPU.Build.0 = Release|Any CPU
		{E2782E87-0D07-4712-8F81-34DD157455E2}.Debug|Any CPU.ActiveCfg = Debug|Any CPU
		{E2782E87-0D07-4712-8F81-34DD157455E2}.Debug|Any CPU.Build.0 = Debug|Any CPU
		{E2782E87-0D07-4712-8F81-34DD157455E2}.Release|Any CPU.ActiveCfg = Release|Any CPU
		{E2782E87-0D07-4712-8F81-34DD157455E2}.Release|Any CPU.Build.0 = Release|Any CPU
		{3BD968AB-2879-4335-9FEB-D46741C88FA3}.Debug|Any CPU.ActiveCfg = Debug|Any CPU
		{3BD968AB-2879-4335-9FEB-D46741C88FA3}.Debug|Any CPU.Build.0 = Debug|Any CPU
		{3BD968AB-2879-4335-9FEB-D46741C88FA3}.Release|Any CPU.ActiveCfg = Release|Any CPU
		{3BD968AB-2879-4335-9FEB-D46741C88FA3}.Release|Any CPU.Build.0 = Release|Any CPU
	EndGlobalSection
	GlobalSection(MonoDevelopProperties) = preSolution
		Policies = $0
		$0.DotNetNamingPolicy = $1
		$1.DirectoryNamespaceAssociation = PrefixedHierarchical
		$1.ResourceNamePolicy = MSBuild
		$0.TextStylePolicy = $2
		$2.FileWidth = 240
		$2.inheritsSet = VisualStudio
		$2.inheritsScope = text/plain
		$2.scope = text/x-fsharp
		$0.FSharpFormattingPolicy = $3
		$3.DefaultFormat = $4
		$4.IndentOnTryWith = False
		$4.ReorderOpenDeclaration = True
		$4.SpaceAfterComma = True
		$4.SpaceAfterSemicolon = True
		$4.SpaceAroundDelimiter = True
		$4.SpaceBeforeArgument = True
		$4.SpaceBeforeColon = True
		$3.scope = text/x-fsharp
	EndGlobalSection
EndGlobal
